{
  "version": 4,
  "terraform_version": "1.6.6",
  "serial": 146,
  "lineage": "ff07bf85-4fe1-7a33-d37b-1d190380ad5d",
  "outputs": {},
  "resources": [
    {
      "mode": "managed",
      "type": "google_compute_global_address",
      "name": "private_services_range",
      "provider": "provider[\"registry.terraform.io/hashicorp/google\"]",
      "instances": [
        {
          "schema_version": 0,
          "attributes": {
            "address": "10.155.0.0",
            "address_type": "INTERNAL",
            "creation_timestamp": "2024-02-21T20:06:38.831-08:00",
            "description": "",
            "id": "projects/project-7989/global/addresses/private-services-range",
            "ip_version": "",
            "name": "private-services-range",
            "network": "https://www.googleapis.com/compute/v1/projects/project-7989/global/networks/banking-vpc",
            "prefix_length": 16,
            "project": "project-7989",
            "purpose": "VPC_PEERING",
            "self_link": "https://www.googleapis.com/compute/v1/projects/project-7989/global/addresses/private-services-range",
            "timeouts": null
          },
          "sensitive_attributes": [],
          "private": "eyJlMmJmYjczMC1lY2FhLTExZTYtOGY4OC0zNDM2M2JjN2M0YzAiOnsiY3JlYXRlIjoxMjAwMDAwMDAwMDAwLCJkZWxldGUiOjEyMDAwMDAwMDAwMDB9fQ==",
          "dependencies": [
            "google_compute_network.vpc"
          ],
          "create_before_destroy": true
        }
      ]
    },
    {
      "mode": "managed",
      "type": "google_compute_network",
      "name": "vpc",
      "provider": "provider[\"registry.terraform.io/hashicorp/google\"]",
      "instances": [
        {
          "schema_version": 0,
          "attributes": {
            "auto_create_subnetworks": false,
            "delete_default_routes_on_create": false,
            "description": "",
            "enable_ula_internal_ipv6": false,
            "gateway_ipv4": "",
            "id": "projects/project-7989/global/networks/banking-vpc",
            "internal_ipv6_range": "",
            "mtu": 0,
            "name": "banking-vpc",
            "network_firewall_policy_enforcement_order": "AFTER_CLASSIC_FIREWALL",
            "numeric_id": "2652718121805903575",
            "project": "project-7989",
            "routing_mode": "REGIONAL",
            "self_link": "https://www.googleapis.com/compute/v1/projects/project-7989/global/networks/banking-vpc",
            "timeouts": null
          },
          "sensitive_attributes": [],
          "private": "eyJlMmJmYjczMC1lY2FhLTExZTYtOGY4OC0zNDM2M2JjN2M0YzAiOnsiY3JlYXRlIjoxMjAwMDAwMDAwMDAwLCJkZWxldGUiOjEyMDAwMDAwMDAwMDAsInVwZGF0ZSI6MTIwMDAwMDAwMDAwMH19",
          "create_before_destroy": true
        }
      ]
    },
    {
      "mode": "managed",
      "type": "google_compute_subnetwork",
      "name": "gke_subnet",
      "provider": "provider[\"registry.terraform.io/hashicorp/google\"]",
      "instances": [
        {
          "schema_version": 0,
          "attributes": {
            "creation_timestamp": "2024-02-21T20:06:40.504-08:00",
            "description": "",
            "external_ipv6_prefix": "",
            "fingerprint": null,
            "gateway_address": "10.5.0.1",
            "id": "projects/project-7989/regions/asia-south2/subnetworks/gke-subnet",
            "internal_ipv6_prefix": "",
            "ip_cidr_range": "10.5.0.0/20",
            "ipv6_access_type": "",
            "ipv6_cidr_range": "",
            "log_config": [],
            "name": "gke-subnet",
            "network": "https://www.googleapis.com/compute/v1/projects/project-7989/global/networks/banking-vpc",
            "private_ip_google_access": true,
            "private_ipv6_google_access": "DISABLE_GOOGLE_ACCESS",
            "project": "project-7989",
            "purpose": "PRIVATE",
            "region": "asia-south2",
            "role": "",
            "secondary_ip_range": [
              {
                "ip_cidr_range": "10.216.0.0/20",
                "range_name": "gke-private-cluster1-services-13b579f5"
              },
              {
                "ip_cidr_range": "10.212.0.0/14",
                "range_name": "gke-private-cluster1-pods-13b579f5"
              }
            ],
            "self_link": "https://www.googleapis.com/compute/v1/projects/project-7989/regions/asia-south2/subnetworks/gke-subnet",
            "stack_type": "IPV4_ONLY",
            "timeouts": null
          },
          "sensitive_attributes": [],
          "private": "eyJlMmJmYjczMC1lY2FhLTExZTYtOGY4OC0zNDM2M2JjN2M0YzAiOnsiY3JlYXRlIjoxMjAwMDAwMDAwMDAwLCJkZWxldGUiOjEyMDAwMDAwMDAwMDAsInVwZGF0ZSI6MTIwMDAwMDAwMDAwMH19",
          "dependencies": [
            "google_compute_network.vpc"
          ]
        }
      ]
    },
    {
      "mode": "managed",
      "type": "google_container_cluster",
      "name": "private_cluster",
      "provider": "provider[\"registry.terraform.io/hashicorp/google\"]",
      "instances": [
        {
          "schema_version": 2,
          "attributes": {
            "addons_config": [
              {
                "cloudrun_config": [],
                "config_connector_config": [],
                "dns_cache_config": [
                  {
                    "enabled": true
                  }
                ],
                "gce_persistent_disk_csi_driver_config": [
                  {
                    "enabled": true
                  }
                ],
                "gcp_filestore_csi_driver_config": [],
                "gcs_fuse_csi_driver_config": [],
                "gke_backup_agent_config": [],
                "horizontal_pod_autoscaling": [
                  {
                    "disabled": false
                  }
                ],
                "http_load_balancing": [
                  {
                    "disabled": false
                  }
                ],
                "network_policy_config": [
                  {
                    "disabled": false
                  }
                ]
              }
            ],
            "allow_net_admin": null,
            "authenticator_groups_config": [],
            "binary_authorization": [
              {
                "enabled": false,
                "evaluation_mode": ""
              }
            ],
            "cluster_autoscaling": [
              {
                "auto_provisioning_defaults": [],
                "autoscaling_profile": "BALANCED",
                "enabled": false,
                "resource_limits": []
              }
            ],
            "cluster_ipv4_cidr": "10.212.0.0/14",
            "confidential_nodes": [],
            "cost_management_config": [],
            "database_encryption": [
              {
                "key_name": "",
                "state": "DECRYPTED"
              }
            ],
            "datapath_provider": "",
            "default_max_pods_per_node": 110,
            "default_snat_status": [
              {
                "disabled": false
              }
            ],
            "deletion_protection": false,
            "description": "",
            "dns_config": [],
            "enable_autopilot": false,
            "enable_intranode_visibility": false,
            "enable_k8s_beta_apis": [],
            "enable_kubernetes_alpha": false,
            "enable_l4_ilb_subsetting": false,
            "enable_legacy_abac": false,
            "enable_shielded_nodes": true,
            "enable_tpu": false,
            "endpoint": "34.131.185.232",
            "fleet": [],
            "gateway_api_config": [],
            "id": "projects/project-7989/locations/asia-south2/clusters/private-cluster1",
            "identity_service_config": [],
            "initial_node_count": 1,
            "ip_allocation_policy": [
              {
                "additional_pod_ranges_config": [],
                "cluster_ipv4_cidr_block": "10.212.0.0/14",
                "cluster_secondary_range_name": "gke-private-cluster1-pods-13b579f5",
                "pod_cidr_overprovision_config": [
                  {
                    "disabled": false
                  }
                ],
                "services_ipv4_cidr_block": "10.216.0.0/20",
                "services_secondary_range_name": "gke-private-cluster1-services-13b579f5",
                "stack_type": "IPV4"
              }
            ],
            "label_fingerprint": "a9dc16a7",
            "location": "asia-south2",
            "logging_config": [
              {
                "enable_components": [
                  "SYSTEM_COMPONENTS",
                  "WORKLOADS"
                ]
              }
            ],
            "logging_service": "logging.googleapis.com/kubernetes",
            "maintenance_policy": [],
            "master_auth": [
              {
                "client_certificate": "",
                "client_certificate_config": [
                  {
                    "issue_client_certificate": false
                  }
                ],
                "client_key": "",
                "cluster_ca_certificate": "LS0tLS1CRUdJTiBDRVJUSUZJQ0FURS0tLS0tCk1JSUVMRENDQXBTZ0F3SUJBZ0lRR0IwT1ZoRTF5WkE1a0VvNE5TM3k5ekFOQmdrcWhraUc5dzBCQVFzRkFEQXYKTVMwd0t3WURWUVFERXlSaVpEQTVOR0kxTXkxbVlUWXhMVFF5TURBdFlUYzJaUzFoT0RBMk5qWTRORGt3WXpVdwpJQmNOTWpRd01qSXlNRE15TVRVeFdoZ1BNakExTkRBeU1UUXdOREl4TlRGYU1DOHhMVEFyQmdOVkJBTVRKR0prCk1EazBZalV6TFdaaE5qRXROREl3TUMxaE56WmxMV0U0TURZMk5qZzBPVEJqTlRDQ0FhSXdEUVlKS29aSWh2Y04KQVFFQkJRQURnZ0dQQURDQ0FZb0NnZ0dCQU9KNHdNVEVVeGhtYTRiZkFleGNaS0Y5b1R2KzkzcVlacGRGamZ0LwpCZXhFeTFweTNCRS94Wll0RmxLK01wVkszUzNUMkNaVFl1VWs4d2ZGRXJWWDE2dmM1eEhVTDd0MnZHckR6dzRNCmNkaVBKektQVDB4Mkh4YVE3cno5dW85SHNoUUhWcUw4a3hBRW92SUVTamFLbjFRSDBQeUZWcDIzVVJZcXl0YjAKYXVYY1BJa2lqeitiYW9Rd2doSys4djM0Q0E4TE5nenpsb0k3cGVVa1lqMWQzSzJscUh4N0E0dXBnKzNYWG5jMgpjby9MMFNwR3ZWa1lBQUErSjQ3UzN3YXNuZFFraGs2RVNGZ1NZQzdzbWNJOFZIRlBMd2htOEdveURNRytXeDArClZyazE3eTRjOVpuWUZtTnVDZmcxNkpTYm1NSTBDWVlFeUwxZ2N4STllWUdFR2NoSzdPQnprUW10cjcrY001bzgKUVZyaUMxTE5DZ2RjVWlzaWpiaDU0Y1ZTTzB2ZUkvRjlzQUhRVjFBbStnQllnaDRWbXdyNGVqblpINVl5YTJ1YgpndDRCTWx0WWJnVXo4WG93eWRKOXc4WE5zdk9jTldkZERUUkZvdHoybkE0cTFkWEJ5TkNDNmFhbWo3S1dlR0ZwCjBtbkdkNUVmb29hT3RDdmZsbURKZElaZ0hRSURBUUFCbzBJd1FEQU9CZ05WSFE4QkFmOEVCQU1DQWdRd0R3WUQKVlIwVEFRSC9CQVV3QXdFQi96QWRCZ05WSFE0RUZnUVVjd1lNWFlQSnpKbHFjaXNBRGNUYkc1R21hbGt3RFFZSgpLb1pJaHZjTkFRRUxCUUFEZ2dHQkFDRlpsM0ZCblgybE5ZQ1VGZE5qWHdoTW43N1hZNlBFaXdYR0lTWVRqUzd4CmVqRC8zclNINXBlaVlkRDhJTFJzN1VsdUNCUjNLSXlOK2NWSDdpTUpSbWh5YldjRlJienl1eTBKY2lOQzZ2N0gKYXZsMjFxWk54TGpBUTYyTUljVVB2akN3R1ZBR2tWUThGWms0ZzQ3VW5KdHhDNHNrQThxeFRucjJtTU5FMi9sQgpEemd6VUp2NHJMZzhSR2pmL2tDM2lRaW9NeFViUzdZSVBhUHBHSVlGbVZXVFB2SUgrRnRLaGNCU3Ywd2twM1ZJClVPWUc1bVh1VERkWnRSemtrS2V1S3hQTmZpeUE5T3Bxak9JZFV4b3M4T1MreDE5cGJoMFFyVmRUUWlGT2pVcnQKN3pvQ0owTDM2TFB3U3k5dmo0QmR1N0xnS3FqRS9TTUM1OTRuMDgxeTRkYWpvM0tQM3ZlajFJUkdBalp2bEJXSQpVTU5lNnpnNnJFV3hyTlFmMDllNU8vdGx1UDBqQTR0dzgzdkR3bFFwZDBEb05WeXBzelVxV3B3ZG1UWjZ2d28zClBiSnI3RkdYdElyRDBZWjNBVTREekliRUJpK3c2RENaK1lVaXVTZXFCNFltdHk0bmg4UlovWFluc3hnaTg0YXcKSDl0N1AvL1dueGp6bE4wV2V2T3R2Zz09Ci0tLS0tRU5EIENFUlRJRklDQVRFLS0tLS0K"
              }
            ],
            "master_authorized_networks_config": [
              {
                "cidr_blocks": [
                  {
                    "cidr_block": "0.0.0.0/0",
                    "display_name": "Open to the world"
                  }
                ],
                "gcp_public_cidrs_access_enabled": false
              }
            ],
            "master_version": "1.27.8-gke.1067004",
            "mesh_certificates": [],
            "min_master_version": null,
            "monitoring_config": [
              {
                "advanced_datapath_observability_config": [
                  {
                    "enable_metrics": false,
                    "enable_relay": false,
                    "relay_mode": "DISABLED"
                  }
                ],
                "enable_components": [
                  "SYSTEM_COMPONENTS"
                ],
                "managed_prometheus": [
                  {
                    "enabled": true
                  }
                ]
              }
            ],
            "monitoring_service": "monitoring.googleapis.com/kubernetes",
            "name": "private-cluster1",
            "network": "projects/project-7989/global/networks/banking-vpc",
            "network_policy": [
              {
                "enabled": true,
                "provider": "CALICO"
              }
            ],
            "networking_mode": "VPC_NATIVE",
            "node_config": [
              {
                "advanced_machine_features": [],
                "boot_disk_kms_key": "",
                "confidential_nodes": [],
                "disk_size_gb": 25,
                "disk_type": "pd-ssd",
                "effective_taints": [],
                "ephemeral_storage_local_ssd_config": [],
                "fast_socket": [],
                "gcfs_config": [],
                "guest_accelerator": [],
                "gvnic": [],
                "host_maintenance_policy": [],
                "image_type": "COS_CONTAINERD",
                "kubelet_config": [],
                "labels": {},
                "linux_node_config": [],
                "local_nvme_ssd_block_config": [],
                "local_ssd_count": 0,
                "logging_variant": "DEFAULT",
                "machine_type": "e2-medium",
                "metadata": {
                  "disable-legacy-endpoints": "true"
                },
                "min_cpu_platform": "",
                "node_group": "",
                "oauth_scopes": [
                  "https://www.googleapis.com/auth/cloud-platform",
                  "https://www.googleapis.com/auth/devstorage.read_only",
                  "https://www.googleapis.com/auth/logging.write",
                  "https://www.googleapis.com/auth/monitoring",
                  "https://www.googleapis.com/auth/service.management.readonly",
                  "https://www.googleapis.com/auth/trace.append"
                ],
                "preemptible": false,
                "reservation_affinity": [],
                "resource_labels": {},
                "service_account": "default",
                "shielded_instance_config": [
                  {
                    "enable_integrity_monitoring": true,
                    "enable_secure_boot": false
                  }
                ],
                "sole_tenant_config": [],
                "spot": false,
                "tags": [
                  "gke-cluster",
                  "private"
                ],
                "taint": [],
                "workload_metadata_config": []
              }
            ],
            "node_locations": [
              "asia-south2-a",
              "asia-south2-b",
              "asia-south2-c"
            ],
            "node_pool": [
              {
                "autoscaling": [],
                "initial_node_count": 1,
                "instance_group_urls": [
                  "https://www.googleapis.com/compute/v1/projects/project-7989/zones/asia-south2-c/instanceGroupManagers/gke-private-cluster1-default-pool-55ca4b4d-grp",
                  "https://www.googleapis.com/compute/v1/projects/project-7989/zones/asia-south2-b/instanceGroupManagers/gke-private-cluster1-default-pool-a0722fae-grp",
                  "https://www.googleapis.com/compute/v1/projects/project-7989/zones/asia-south2-a/instanceGroupManagers/gke-private-cluster1-default-pool-a2e8032b-grp"
                ],
                "managed_instance_group_urls": [
                  "https://www.googleapis.com/compute/v1/projects/project-7989/zones/asia-south2-c/instanceGroups/gke-private-cluster1-default-pool-55ca4b4d-grp",
                  "https://www.googleapis.com/compute/v1/projects/project-7989/zones/asia-south2-b/instanceGroups/gke-private-cluster1-default-pool-a0722fae-grp",
                  "https://www.googleapis.com/compute/v1/projects/project-7989/zones/asia-south2-a/instanceGroups/gke-private-cluster1-default-pool-a2e8032b-grp"
                ],
                "management": [
                  {
                    "auto_repair": true,
                    "auto_upgrade": true
                  }
                ],
                "max_pods_per_node": 110,
                "name": "default-pool",
                "name_prefix": "",
                "network_config": [
                  {
                    "create_pod_range": false,
                    "enable_private_nodes": false,
                    "network_performance_config": [],
                    "pod_cidr_overprovision_config": [],
                    "pod_ipv4_cidr_block": "10.212.0.0/14",
                    "pod_range": "gke-private-cluster1-pods-13b579f5"
                  }
                ],
                "node_config": [
                  {
                    "advanced_machine_features": [],
                    "boot_disk_kms_key": "",
                    "confidential_nodes": [],
                    "disk_size_gb": 25,
                    "disk_type": "pd-ssd",
                    "effective_taints": [],
                    "ephemeral_storage_local_ssd_config": [],
                    "fast_socket": [],
                    "gcfs_config": [],
                    "guest_accelerator": [],
                    "gvnic": [],
                    "host_maintenance_policy": [],
                    "image_type": "COS_CONTAINERD",
                    "kubelet_config": [],
                    "labels": {},
                    "linux_node_config": [],
                    "local_nvme_ssd_block_config": [],
                    "local_ssd_count": 0,
                    "logging_variant": "DEFAULT",
                    "machine_type": "e2-medium",
                    "metadata": {
                      "disable-legacy-endpoints": "true"
                    },
                    "min_cpu_platform": "",
                    "node_group": "",
                    "oauth_scopes": [
                      "https://www.googleapis.com/auth/cloud-platform",
                      "https://www.googleapis.com/auth/devstorage.read_only",
                      "https://www.googleapis.com/auth/logging.write",
                      "https://www.googleapis.com/auth/monitoring",
                      "https://www.googleapis.com/auth/service.management.readonly",
                      "https://www.googleapis.com/auth/trace.append"
                    ],
                    "preemptible": false,
                    "reservation_affinity": [],
                    "resource_labels": {},
                    "service_account": "default",
                    "shielded_instance_config": [
                      {
                        "enable_integrity_monitoring": true,
                        "enable_secure_boot": false
                      }
                    ],
                    "sole_tenant_config": [],
                    "spot": false,
                    "tags": [
                      "gke-cluster",
                      "private"
                    ],
                    "taint": [],
                    "workload_metadata_config": []
                  }
                ],
                "node_count": 1,
                "node_locations": [
                  "asia-south2-a",
                  "asia-south2-b",
                  "asia-south2-c"
                ],
                "placement_policy": [],
                "upgrade_settings": [
                  {
                    "blue_green_settings": [],
                    "max_surge": 1,
                    "max_unavailable": 0,
                    "strategy": "SURGE"
                  }
                ],
                "version": "1.27.8-gke.1067004"
              }
            ],
            "node_pool_auto_config": [],
            "node_pool_defaults": [
              {
                "node_config_defaults": [
                  {
                    "logging_variant": "DEFAULT"
                  }
                ]
              }
            ],
            "node_version": "1.27.8-gke.1067004",
            "notification_config": [
              {
                "pubsub": [
                  {
                    "enabled": false,
                    "filter": [],
                    "topic": ""
                  }
                ]
              }
            ],
            "operation": null,
            "private_cluster_config": [
              {
                "enable_private_endpoint": false,
                "enable_private_nodes": true,
                "master_global_access_config": [
                  {
                    "enabled": false
                  }
                ],
                "master_ipv4_cidr_block": "172.16.0.0/28",
                "peering_name": "gke-n3c82965faf3b0c4c3cf-d0fb-1dee-peer",
                "private_endpoint": "172.16.0.2",
                "private_endpoint_subnetwork": "",
                "public_endpoint": "34.131.185.232"
              }
            ],
            "private_ipv6_google_access": "",
            "project": "project-7989",
            "release_channel": [
              {
                "channel": "REGULAR"
              }
            ],
            "remove_default_node_pool": null,
            "resource_labels": {},
            "resource_usage_export_config": [],
            "security_posture_config": [
              {
                "mode": "BASIC",
                "vulnerability_mode": "VULNERABILITY_MODE_UNSPECIFIED"
              }
            ],
            "self_link": "https://container.googleapis.com/v1/projects/project-7989/locations/asia-south2/clusters/private-cluster1",
            "service_external_ips_config": [
              {
                "enabled": false
              }
            ],
            "services_ipv4_cidr": "10.216.0.0/20",
            "subnetwork": "projects/project-7989/regions/asia-south2/subnetworks/gke-subnet",
            "timeouts": null,
            "tpu_ipv4_cidr_block": "",
            "vertical_pod_autoscaling": [
              {
                "enabled": true
              }
            ],
            "workload_identity_config": []
          },
          "sensitive_attributes": [],
          "private": "eyJlMmJmYjczMC1lY2FhLTExZTYtOGY4OC0zNDM2M2JjN2M0YzAiOnsiY3JlYXRlIjoyNDAwMDAwMDAwMDAwLCJkZWxldGUiOjI0MDAwMDAwMDAwMDAsInJlYWQiOjI0MDAwMDAwMDAwMDAsInVwZGF0ZSI6MzYwMDAwMDAwMDAwMH0sInNjaGVtYV92ZXJzaW9uIjoiMiJ9",
          "dependencies": [
            "google_compute_network.vpc",
            "google_compute_subnetwork.gke_subnet"
          ]
        }
      ]
    },
    {
      "mode": "managed",
      "type": "google_project_service",
      "name": "service_networking",
      "provider": "provider[\"registry.terraform.io/hashicorp/google\"]",
      "instances": [
        {
          "schema_version": 0,
          "attributes": {
            "disable_dependent_services": null,
            "disable_on_destroy": true,
            "id": "project-7989/servicenetworking.googleapis.com",
            "project": "project-7989",
            "service": "servicenetworking.googleapis.com",
            "timeouts": null
          },
          "sensitive_attributes": [],
          "private": "eyJlMmJmYjczMC1lY2FhLTExZTYtOGY4OC0zNDM2M2JjN2M0YzAiOnsiY3JlYXRlIjoxMjAwMDAwMDAwMDAwLCJkZWxldGUiOjEyMDAwMDAwMDAwMDAsInJlYWQiOjYwMDAwMDAwMDAwMCwidXBkYXRlIjoxMjAwMDAwMDAwMDAwfX0=",
          "create_before_destroy": true
        }
      ]
    },
    {
      "mode": "managed",
      "type": "google_service_networking_connection",
      "name": "private_vpc_connection",
      "provider": "provider[\"registry.terraform.io/hashicorp/google\"]",
      "instances": [
        {
          "schema_version": 0,
          "attributes": {
            "deletion_policy": null,
            "id": "https%3A%2F%2Fwww.googleapis.com%2Fcompute%2Fv1%2Fprojects%2Fproject-7989%2Fglobal%2Fnetworks%2Fbanking-vpc:servicenetworking.googleapis.com",
            "network": "https://www.googleapis.com/compute/v1/projects/project-7989/global/networks/banking-vpc",
            "peering": "servicenetworking-googleapis-com",
            "reserved_peering_ranges": [
              "private-services-range"
            ],
            "service": "servicenetworking.googleapis.com",
            "timeouts": null
          },
          "sensitive_attributes": [],
          "private": "eyJlMmJmYjczMC1lY2FhLTExZTYtOGY4OC0zNDM2M2JjN2M0YzAiOnsiY3JlYXRlIjo2MDAwMDAwMDAwMDAsImRlbGV0ZSI6NjAwMDAwMDAwMDAwLCJ1cGRhdGUiOjYwMDAwMDAwMDAwMH19",
          "dependencies": [
            "google_compute_global_address.private_services_range",
            "google_compute_network.vpc",
            "google_project_service.service_networking"
          ],
          "create_before_destroy": true
        }
      ]
    }
  ],
  "check_results": null
}
